
Microsoft Visual Studio Solution File, Format Version 12.00
# Visual Studio Version 17
VisualStudioVersion = 17.13.35931.197 d17.13
MinimumVisualStudioVersion = 10.0.40219.1
Project("{13B669BE-BB05-4DDF-9536-439F39A36129}") = "Lab6", "Lab6.phpproj", "{F68C1042-98F8-D47C-1269-030BEA043227}"
EndProject
Global
	GlobalSection(SolutionConfigurationPlatforms) = preSolution
		Debug|Any CPU = Debug|Any CPU
		Release|Any CPU = Release|Any CPU
	EndGlobalSection
	GlobalSection(ProjectConfigurationPlatforms) = postSolution
		{F68C1042-98F8-D47C-1269-030BEA043227}.Debug|Any CPU.ActiveCfg = Debug|Any CPU
		{F68C1042-98F8-D47C-1269-030BEA043227}.Debug|Any CPU.Build.0 = Debug|Any CPU
		{F68C1042-98F8-D47C-1269-030BEA043227}.Release|Any CPU.ActiveCfg = Release|Any CPU
		{F68C1042-98F8-D47C-1269-030BEA043227}.Release|Any CPU.Build.0 = Release|Any CPU
	EndGlobalSection
	GlobalSection(SolutionProperties) = preSolution
		HideSolutionNode = FALSE
	EndGlobalSection
	GlobalSection(ExtensibilityGlobals) = postSolution
		SolutionGuid = {0E8C152B-1E12-4C50-89A0-FF3D04ABFCB0}
	EndGlobalSection
EndGlobal
